
Microsoft Visual Studio Solution File, Format Version 12.00
Project("{FAE04EC0-301F-11D3-BF4B-00C04F79EFBC}") = "GrpcService", "GrpcService\GrpcService.csproj", "{FDA66EAE-CA5A-404F-8E9C-7260630BCEB5}"
EndProject
Global
	GlobalSection(SolutionConfigurationPlatforms) = preSolution
		Debug|Any CPU = Debug|Any CPU
		Release|Any CPU = Release|Any CPU
	EndGlobalSection
	GlobalSection(ProjectConfigurationPlatforms) = postSolution
		{FDA66EAE-CA5A-404F-8E9C-7260630BCEB5}.Debug|Any CPU.ActiveCfg = Debug|Any CPU
		{FDA66EAE-CA5A-404F-8E9C-7260630BCEB5}.Debug|Any CPU.Build.0 = Debug|Any CPU
		{FDA66EAE-CA5A-404F-8E9C-7260630BCEB5}.Release|Any CPU.ActiveCfg = Release|Any CPU
		{FDA66EAE-CA5A-404F-8E9C-7260630BCEB5}.Release|Any CPU.Build.0 = Release|Any CPU
	EndGlobalSection
EndGlobal
